<?xml version="1.0" encoding="utf-8"?>
<Project ToolsVersion="4.0" xmlns="http://schemas.microsoft.com/developer/msbuild/2003">
  <ItemGroup>
    <Filter Include="소스 파일">
      <UniqueIdentifier>{4FC737F1-C7A5-4376-A066-2A32D752A2FF}</UniqueIdentifier>
      <Extensions>cpp;c;cc;cxx;c++;cppm;ixx;def;odl;idl;hpj;bat;asm;asmx</Extensions>
    </Filter>
    <Filter Include="헤더 파일">
      <UniqueIdentifier>{93995380-89BD-4b04-88EB-625FBE52EBFB}</UniqueIdentifier>
      <Extensions>h;hh;hpp;hxx;h++;hm;inl;inc;ipp;xsd</Extensions>
    </Filter>
    <Filter Include="리소스 파일">
      <UniqueIdentifier>{67DA6AB6-F800-4c08-8B7A-83BB121AAD01}</UniqueIdentifier>
      <Extensions>rc;ico;cur;bmp;dlg;rc2;rct;bin;rgs;gif;jpg;jpeg;jpe;resx;tiff;tif;png;wav;mfcribbon-ms</Extensions>
    </Filter>
    <Filter Include="소스 파일\01.Object">
      <UniqueIdentifier>{b68f0d25-d408-4c1a-89fd-65f7af488aac}</UniqueIdentifier>
    </Filter>
    <Filter Include="소스 파일\00.MainUpdate">
      <UniqueIdentifier>{51f0d89b-0e9f-42c7-8303-43d2f6fc0bfb}</UniqueIdentifier>
    </Filter>
    <Filter Include="소스 파일\01.Object\Enemy">
      <UniqueIdentifier>{2be168e5-9606-45b0-8c10-af251518b6c2}</UniqueIdentifier>
    </Filter>
    <Filter Include="소스 파일\01.Object\Player">
      <UniqueIdentifier>{a635d4dd-eb08-416b-aef1-27b582de8b8e}</UniqueIdentifier>
    </Filter>
    <Filter Include="소스 파일\99.Manager">
      <UniqueIdentifier>{589fd06b-3bf4-449f-a9f4-3051c73de2c3}</UniqueIdentifier>
    </Filter>
    <Filter Include="소스 파일\02.Scene">
      <UniqueIdentifier>{70730662-62b7-460d-af17-6eedda0957c7}</UniqueIdentifier>
    </Filter>
    <Filter Include="소스 파일\02.Scene\Logo">
      <UniqueIdentifier>{e86ea44f-702d-495a-a0f0-93fd64ff1b77}</UniqueIdentifier>
    </Filter>
    <Filter Include="소스 파일\02.Scene\Menu">
      <UniqueIdentifier>{2a32d404-6148-4316-bb81-64ec32d35eca}</UniqueIdentifier>
    </Filter>
    <Filter Include="소스 파일\02.Scene\Stage">
      <UniqueIdentifier>{5b9803c9-c514-43cc-a0b6-649f625b262d}</UniqueIdentifier>
    </Filter>
    <Filter Include="소스 파일\99.Manager\04.InputManager">
      <UniqueIdentifier>{a38748bf-7f19-4a27-bc58-bf2a9f931c01}</UniqueIdentifier>
    </Filter>
    <Filter Include="소스 파일\99.Manager\SceneManager">
      <UniqueIdentifier>{4b693e47-e671-49a9-ab76-167bf53509c9}</UniqueIdentifier>
    </Filter>
    <Filter Include="소스 파일\99.Manager\ObjectManger">
      <UniqueIdentifier>{be51c5b8-ba25-4c16-92c7-d6adb3ffab8c}</UniqueIdentifier>
    </Filter>
    <Filter Include="소스 파일\01.Object\Bullet">
      <UniqueIdentifier>{f4c0ab0f-8a2f-423a-bc1e-16dcca19a9b6}</UniqueIdentifier>
    </Filter>
    <Filter Include="소스 파일\99.Manager\CursorManager">
      <UniqueIdentifier>{9f3616a1-8bc8-424d-b726-29aafd9a3ac6}</UniqueIdentifier>
    </Filter>
    <Filter Include="소스 파일\99.Manager\CollisionManager">
      <UniqueIdentifier>{27f67055-dfd2-4509-a3a5-281fa435627c}</UniqueIdentifier>
    </Filter>
    <Filter Include="소스 파일\99.Manager\MathManager">
      <UniqueIdentifier>{51c7f11e-c907-41c9-a201-ba8e6bb8030f}</UniqueIdentifier>
    </Filter>
    <Filter Include="소스 파일\99.Manager\ObjectFactory">
      <UniqueIdentifier>{7e0aa81b-f851-4289-a497-a8b526c4b4a6}</UniqueIdentifier>
    </Filter>
    <Filter Include="소스 파일\01.Object\Item">
      <UniqueIdentifier>{c68f659d-e2c8-4e80-ab8b-48729d703e78}</UniqueIdentifier>
    </Filter>
    <Filter Include="소스 파일\02.Scene\Shop">
      <UniqueIdentifier>{73633bec-b7a0-423a-b6ac-5df43d421af0}</UniqueIdentifier>
    </Filter>
    <Filter Include="소스 파일\02.Scene\Pausce">
      <UniqueIdentifier>{26b78335-9de3-4605-b609-8c31142b1232}</UniqueIdentifier>
    </Filter>
  </ItemGroup>
  <ItemGroup>
    <ClCompile Include="MainUpdate.cpp">
      <Filter>소스 파일\00.MainUpdate</Filter>
    </ClCompile>
    <ClCompile Include="Object.cpp">
      <Filter>소스 파일\01.Object</Filter>
    </ClCompile>
    <ClCompile Include="Enemy.cpp">
      <Filter>소스 파일\01.Object\Enemy</Filter>
    </ClCompile>
    <ClCompile Include="Player.cpp">
      <Filter>소스 파일\01.Object\Player</Filter>
    </ClCompile>
    <ClCompile Include="Scene.cpp">
      <Filter>소스 파일\02.Scene</Filter>
    </ClCompile>
    <ClCompile Include="Logo.cpp">
      <Filter>소스 파일\02.Scene\Logo</Filter>
    </ClCompile>
    <ClCompile Include="Menu.cpp">
      <Filter>소스 파일\02.Scene\Menu</Filter>
    </ClCompile>
    <ClCompile Include="Stage.cpp">
      <Filter>소스 파일\02.Scene\Stage</Filter>
    </ClCompile>
    <ClCompile Include="InputManager.cpp">
      <Filter>소스 파일\99.Manager\04.InputManager</Filter>
    </ClCompile>
    <ClCompile Include="Main.cpp">
      <Filter>소스 파일</Filter>
    </ClCompile>
    <ClCompile Include="SceneManager.cpp">
      <Filter>소스 파일\99.Manager\SceneManager</Filter>
    </ClCompile>
    <ClCompile Include="ObjectManager.cpp">
      <Filter>소스 파일\99.Manager\ObjectManger</Filter>
    </ClCompile>
    <ClCompile Include="Bullet.cpp">
      <Filter>소스 파일\01.Object\Bullet</Filter>
    </ClCompile>
    <ClCompile Include="CursorManager.cpp">
      <Filter>소스 파일\99.Manager\CursorManager</Filter>
    </ClCompile>
    <ClCompile Include="Item.cpp">
      <Filter>소스 파일\01.Object\Item</Filter>
    </ClCompile>
    <ClCompile Include="Shop.cpp">
      <Filter>소스 파일\02.Scene\Shop</Filter>
    </ClCompile>
    <ClCompile Include="Pause.cpp">
      <Filter>소스 파일\02.Scene\Pausce</Filter>
    </ClCompile>
  </ItemGroup>
  <ItemGroup>
    <ClInclude Include="MainUpdate.h">
      <Filter>소스 파일\00.MainUpdate</Filter>
    </ClInclude>
    <ClInclude Include="Headers.h">
      <Filter>헤더 파일</Filter>
    </ClInclude>
    <ClInclude Include="Object.h">
      <Filter>소스 파일\01.Object</Filter>
    </ClInclude>
    <ClInclude Include="Enemy.h">
      <Filter>소스 파일\01.Object\Enemy</Filter>
    </ClInclude>
    <ClInclude Include="Player.h">
      <Filter>소스 파일\01.Object\Player</Filter>
    </ClInclude>
    <ClInclude Include="Scene.h">
      <Filter>소스 파일\02.Scene</Filter>
    </ClInclude>
    <ClInclude Include="Logo.h">
      <Filter>소스 파일\02.Scene\Logo</Filter>
    </ClInclude>
    <ClInclude Include="Menu.h">
      <Filter>소스 파일\02.Scene\Menu</Filter>
    </ClInclude>
    <ClInclude Include="Stage.h">
      <Filter>소스 파일\02.Scene\Stage</Filter>
    </ClInclude>
    <ClInclude Include="Enum.h">
      <Filter>헤더 파일</Filter>
    </ClInclude>
    <ClInclude Include="InputManager.h">
      <Filter>소스 파일\99.Manager\04.InputManager</Filter>
    </ClInclude>
    <ClInclude Include="Constant.h">
      <Filter>헤더 파일</Filter>
    </ClInclude>
    <ClInclude Include="Struct.h">
      <Filter>헤더 파일</Filter>
    </ClInclude>
    <ClInclude Include="SceneManager.h">
      <Filter>소스 파일\99.Manager\SceneManager</Filter>
    </ClInclude>
    <ClInclude Include="ObjectManager.h">
      <Filter>소스 파일\99.Manager\ObjectManger</Filter>
    </ClInclude>
    <ClInclude Include="Bullet.h">
      <Filter>소스 파일\01.Object\Bullet</Filter>
    </ClInclude>
    <ClInclude Include="CursorManager.h">
      <Filter>소스 파일\99.Manager\CursorManager</Filter>
    </ClInclude>
    <ClInclude Include="CollisionManager.h">
      <Filter>소스 파일\99.Manager\CollisionManager</Filter>
    </ClInclude>
    <ClInclude Include="MathManager.h">
      <Filter>소스 파일\99.Manager\MathManager</Filter>
    </ClInclude>
    <ClInclude Include="ObjectFactory.h">
      <Filter>소스 파일\99.Manager\ObjectFactory</Filter>
    </ClInclude>
    <ClInclude Include="Item.h">
      <Filter>소스 파일\01.Object\Item</Filter>
    </ClInclude>
    <ClInclude Include="Shop.h">
      <Filter>소스 파일\02.Scene\Shop</Filter>
    </ClInclude>
    <ClInclude Include="Pause.h">
      <Filter>소스 파일\02.Scene\Pausce</Filter>
    </ClInclude>
  </ItemGroup>
</Project>