<?xml version="1.0" encoding="utf-8"?>
<Project ToolsVersion="4.0" xmlns="http://schemas.microsoft.com/developer/msbuild/2003">
  <ItemGroup>
    <Filter Include="소스 파일">
      <UniqueIdentifier>{4FC737F1-C7A5-4376-A066-2A32D752A2FF}</UniqueIdentifier>
      <Extensions>cpp;c;cc;cxx;c++;cppm;ixx;def;odl;idl;hpj;bat;asm;asmx</Extensions>
    </Filter>
    <Filter Include="헤더 파일">
      <UniqueIdentifier>{93995380-89BD-4b04-88EB-625FBE52EBFB}</UniqueIdentifier>
      <Extensions>h;hh;hpp;hxx;h++;hm;inl;inc;ipp;xsd</Extensions>
    </Filter>
    <Filter Include="리소스 파일">
      <UniqueIdentifier>{67DA6AB6-F800-4c08-8B7A-83BB121AAD01}</UniqueIdentifier>
      <Extensions>rc;ico;cur;bmp;dlg;rc2;rct;bin;rgs;gif;jpg;jpeg;jpe;resx;tiff;tif;png;wav;mfcribbon-ms</Extensions>
    </Filter>
    <Filter Include="소스 파일\01.Object">
      <UniqueIdentifier>{b68f0d25-d408-4c1a-89fd-65f7af488aac}</UniqueIdentifier>
    </Filter>
    <Filter Include="소스 파일\00.MainUpdate">
      <UniqueIdentifier>{51f0d89b-0e9f-42c7-8303-43d2f6fc0bfb}</UniqueIdentifier>
    </Filter>
    <Filter Include="소스 파일\01.Object\Enemy">
      <UniqueIdentifier>{2be168e5-9606-45b0-8c10-af251518b6c2}</UniqueIdentifier>
    </Filter>
    <Filter Include="소스 파일\01.Object\Player">
      <UniqueIdentifier>{a635d4dd-eb08-416b-aef1-27b582de8b8e}</UniqueIdentifier>
    </Filter>
    <Filter Include="소스 파일\99.Manager">
      <UniqueIdentifier>{589fd06b-3bf4-449f-a9f4-3051c73de2c3}</UniqueIdentifier>
    </Filter>
    <Filter Include="소스 파일\02.Scene">
      <UniqueIdentifier>{70730662-62b7-460d-af17-6eedda0957c7}</UniqueIdentifier>
    </Filter>
    <Filter Include="소스 파일\02.Scene\Logo">
      <UniqueIdentifier>{e86ea44f-702d-495a-a0f0-93fd64ff1b77}</UniqueIdentifier>
    </Filter>
    <Filter Include="소스 파일\02.Scene\Menu">
      <UniqueIdentifier>{2a32d404-6148-4316-bb81-64ec32d35eca}</UniqueIdentifier>
    </Filter>
    <Filter Include="소스 파일\02.Scene\Stage">
      <UniqueIdentifier>{5b9803c9-c514-43cc-a0b6-649f625b262d}</UniqueIdentifier>
    </Filter>
    <Filter Include="소스 파일\99.Manager\04.InputManager">
      <UniqueIdentifier>{a38748bf-7f19-4a27-bc58-bf2a9f931c01}</UniqueIdentifier>
    </Filter>
    <Filter Include="소스 파일\99.Manager\SceneManager">
      <UniqueIdentifier>{4b693e47-e671-49a9-ab76-167bf53509c9}</UniqueIdentifier>
    </Filter>
    <Filter Include="소스 파일\99.Manager\ObjectManger">
      <UniqueIdentifier>{be51c5b8-ba25-4c16-92c7-d6adb3ffab8c}</UniqueIdentifier>
    </Filter>
    <Filter Include="소스 파일\01.Object\Bullet">
      <UniqueIdentifier>{f4c0ab0f-8a2f-423a-bc1e-16dcca19a9b6}</UniqueIdentifier>
    </Filter>
    <Filter Include="소스 파일\99.Manager\CursorManager">
      <UniqueIdentifier>{9f3616a1-8bc8-424d-b726-29aafd9a3ac6}</UniqueIdentifier>
    </Filter>
    <Filter Include="소스 파일\99.Manager\CollisionManager">
      <UniqueIdentifier>{27f67055-dfd2-4509-a3a5-281fa435627c}</UniqueIdentifier>
    </Filter>
    <Filter Include="소스 파일\99.Manager\MathManager">
      <UniqueIdentifier>{51c7f11e-c907-41c9-a201-ba8e6bb8030f}</UniqueIdentifier>
    </Filter>
    <Filter Include="소스 파일\99.Manager\ObjectFactory">
      <UniqueIdentifier>{7e0aa81b-f851-4289-a497-a8b526c4b4a6}</UniqueIdentifier>
    </Filter>
    <Filter Include="소스 파일\01.Object\Item">
      <UniqueIdentifier>{c68f659d-e2c8-4e80-ab8b-48729d703e78}</UniqueIdentifier>
    </Filter>
    <Filter Include="소스 파일\02.Scene\Shop">
      <UniqueIdentifier>{73633bec-b7a0-423a-b6ac-5df43d421af0}</UniqueIdentifier>
    </Filter>
    <Filter Include="소스 파일\02.Scene\Pausce">
      <UniqueIdentifier>{26b78335-9de3-4605-b609-8c31142b1232}</UniqueIdentifier>
    </Filter>
    <Filter Include="소스 파일\99.Manager\ShopManager">
      <UniqueIdentifier>{aa3f14c9-3b42-40f3-a520-5b06e648e426}</UniqueIdentifier>
    </Filter>
    <Filter Include="소스 파일\02.Scene\GameOver">
      <UniqueIdentifier>{f9d134ba-bbcd-493c-a1bf-8ceefed5276c}</UniqueIdentifier>
    </Filter>
    <Filter Include="소스 파일\02.Scene\Open">
      <UniqueIdentifier>{93e48f05-49c4-4c00-baa6-4f69eba392c4}</UniqueIdentifier>
    </Filter>
    <Filter Include="소스 파일\99.Manager\UIManager">
      <UniqueIdentifier>{95cddefa-bdf0-4eee-ab00-f177c1c42286}</UniqueIdentifier>
    </Filter>
    <Filter Include="소스 파일\02.Scene\StagetClear">
      <UniqueIdentifier>{0af92a57-e43a-485b-96bd-82159f1409db}</UniqueIdentifier>
    </Filter>
    <Filter Include="소스 파일\99.Manager\LVManager">
      <UniqueIdentifier>{36acdcd3-3845-40c6-af1f-c5d82e2db968}</UniqueIdentifier>
    </Filter>
    <Filter Include="소스 파일\99.Manager\StartManager">
      <UniqueIdentifier>{34b87dc3-7de3-4e73-b047-310d829cfeca}</UniqueIdentifier>
    </Filter>
    <Filter Include="소스 파일\01.Object\Enemy\EnemyBridge">
      <UniqueIdentifier>{ba5847f6-60df-4279-a74a-09935b03bcef}</UniqueIdentifier>
    </Filter>
    <Filter Include="소스 파일\01.Object\Enemy\EnemyBridge\Goolops">
      <UniqueIdentifier>{a11b6afb-4c2f-4cbd-9502-e1b5bc153116}</UniqueIdentifier>
    </Filter>
    <Filter Include="소스 파일\01.Object\Enemy\EnemyBridge\Mutant">
      <UniqueIdentifier>{44cc8be8-9a2b-49c0-a07c-71931fe0157f}</UniqueIdentifier>
    </Filter>
    <Filter Include="소스 파일\01.Object\Enemy\EnemyBridge\Doomboo">
      <UniqueIdentifier>{95db9387-5b9f-48fa-846c-aed91ec7cf5e}</UniqueIdentifier>
    </Filter>
    <Filter Include="소스 파일\01.Object\Bullet\BulletBridge">
      <UniqueIdentifier>{15557f58-aeab-4023-83bd-710db446b6a6}</UniqueIdentifier>
    </Filter>
    <Filter Include="소스 파일\01.Object\Bullet\BulletBridge\Type1">
      <UniqueIdentifier>{c0a4f7b3-f9e2-4a0b-a398-e22404c0c123}</UniqueIdentifier>
    </Filter>
    <Filter Include="소스 파일\01.Object\Bullet\BulletBridge\Type2">
      <UniqueIdentifier>{0643856b-6098-4c06-a7a9-e8b37ae1ca9b}</UniqueIdentifier>
    </Filter>
    <Filter Include="소스 파일\01.Object\Bullet\BulletBridge\Type3">
      <UniqueIdentifier>{7ec00235-f57f-4706-95a1-2584c855c67e}</UniqueIdentifier>
    </Filter>
    <Filter Include="소스 파일\01.Object\Enemy\EnemyBridge\EType1">
      <UniqueIdentifier>{c46d8dda-4ebc-4963-ac4f-b7be1c232ce1}</UniqueIdentifier>
    </Filter>
    <Filter Include="소스 파일\01.Object\Bullet\BulletBridge\Shield">
      <UniqueIdentifier>{31281eae-f3ef-4a2b-abec-d2c2d788b9ca}</UniqueIdentifier>
    </Filter>
    <Filter Include="소스 파일\99.Manager\Patten">
      <UniqueIdentifier>{bab0d54f-c638-40b7-9939-2c7203aee15f}</UniqueIdentifier>
    </Filter>
    <Filter Include="소스 파일\99.Manager\Patten\Prototype">
      <UniqueIdentifier>{1c97b8d4-b6d7-4bff-bd65-d8a9e6f962dc}</UniqueIdentifier>
    </Filter>
    <Filter Include="소스 파일\99.Manager\Bridge">
      <UniqueIdentifier>{ff42e807-92cb-46e9-8609-a4a2c310c464}</UniqueIdentifier>
    </Filter>
    <Filter Include="소스 파일\99.Manager\Patten\BPattenManager">
      <UniqueIdentifier>{f020991d-5699-4d9b-bab6-bc6b17e2b61f}</UniqueIdentifier>
    </Filter>
    <Filter Include="소스 파일\99.Manager\Patten\Objectpool">
      <UniqueIdentifier>{7f257603-f2fe-4663-82fb-f9bdc295ca45}</UniqueIdentifier>
    </Filter>
    <Filter Include="소스 파일\03.UserInterface">
      <UniqueIdentifier>{46b4e73a-f745-4810-8c69-1d6849ed84f0}</UniqueIdentifier>
    </Filter>
    <Filter Include="소스 파일\03.UserInterface\ScrollBox">
      <UniqueIdentifier>{7e1ee075-5cc7-48be-b8b5-edb50886385c}</UniqueIdentifier>
    </Filter>
  </ItemGroup>
  <ItemGroup>
    <ClCompile Include="MainUpdate.cpp">
      <Filter>소스 파일\00.MainUpdate</Filter>
    </ClCompile>
    <ClCompile Include="Object.cpp">
      <Filter>소스 파일\01.Object</Filter>
    </ClCompile>
    <ClCompile Include="Enemy.cpp">
      <Filter>소스 파일\01.Object\Enemy</Filter>
    </ClCompile>
    <ClCompile Include="Player.cpp">
      <Filter>소스 파일\01.Object\Player</Filter>
    </ClCompile>
    <ClCompile Include="Scene.cpp">
      <Filter>소스 파일\02.Scene</Filter>
    </ClCompile>
    <ClCompile Include="Logo.cpp">
      <Filter>소스 파일\02.Scene\Logo</Filter>
    </ClCompile>
    <ClCompile Include="Menu.cpp">
      <Filter>소스 파일\02.Scene\Menu</Filter>
    </ClCompile>
    <ClCompile Include="Stage.cpp">
      <Filter>소스 파일\02.Scene\Stage</Filter>
    </ClCompile>
    <ClCompile Include="InputManager.cpp">
      <Filter>소스 파일\99.Manager\04.InputManager</Filter>
    </ClCompile>
    <ClCompile Include="Main.cpp">
      <Filter>소스 파일</Filter>
    </ClCompile>
    <ClCompile Include="SceneManager.cpp">
      <Filter>소스 파일\99.Manager\SceneManager</Filter>
    </ClCompile>
    <ClCompile Include="ObjectManager.cpp">
      <Filter>소스 파일\99.Manager\ObjectManger</Filter>
    </ClCompile>
    <ClCompile Include="Bullet.cpp">
      <Filter>소스 파일\01.Object\Bullet</Filter>
    </ClCompile>
    <ClCompile Include="CursorManager.cpp">
      <Filter>소스 파일\99.Manager\CursorManager</Filter>
    </ClCompile>
    <ClCompile Include="Item.cpp">
      <Filter>소스 파일\01.Object\Item</Filter>
    </ClCompile>
    <ClCompile Include="Shop.cpp">
      <Filter>소스 파일\02.Scene\Shop</Filter>
    </ClCompile>
    <ClCompile Include="Pause.cpp">
      <Filter>소스 파일\02.Scene\Pausce</Filter>
    </ClCompile>
    <ClCompile Include="ShopManager.cpp">
      <Filter>소스 파일\99.Manager\ShopManager</Filter>
    </ClCompile>
    <ClCompile Include="Type1.cpp">
      <Filter>소스 파일\01.Object\Bullet\BulletBridge\Type1</Filter>
    </ClCompile>
    <ClCompile Include="Shield.cpp">
      <Filter>소스 파일\01.Object\Bullet\BulletBridge\Shield</Filter>
    </ClCompile>
    <ClCompile Include="GameOver.cpp">
      <Filter>소스 파일\02.Scene\GameOver</Filter>
    </ClCompile>
    <ClCompile Include="Open.cpp">
      <Filter>소스 파일\02.Scene\Open</Filter>
    </ClCompile>
    <ClCompile Include="UIManager.cpp">
      <Filter>소스 파일\99.Manager\UIManager</Filter>
    </ClCompile>
    <ClCompile Include="StagetClear.cpp">
      <Filter>소스 파일\02.Scene\StagetClear</Filter>
    </ClCompile>
    <ClCompile Include="LVManager.cpp">
      <Filter>소스 파일\99.Manager\LVManager</Filter>
    </ClCompile>
    <ClCompile Include="StartManager.cpp">
      <Filter>소스 파일\99.Manager\StartManager</Filter>
    </ClCompile>
    <ClCompile Include="EType1.cpp">
      <Filter>소스 파일\01.Object\Enemy\EnemyBridge\EType1</Filter>
    </ClCompile>
    <ClCompile Include="Goolops.cpp">
      <Filter>소스 파일\01.Object\Enemy\EnemyBridge\Goolops</Filter>
    </ClCompile>
    <ClCompile Include="Mutant.cpp">
      <Filter>소스 파일\01.Object\Enemy\EnemyBridge\Mutant</Filter>
    </ClCompile>
    <ClCompile Include="Doomboo.cpp">
      <Filter>소스 파일\01.Object\Enemy\EnemyBridge\Doomboo</Filter>
    </ClCompile>
    <ClCompile Include="Type2.cpp">
      <Filter>소스 파일\01.Object\Bullet\BulletBridge\Type2</Filter>
    </ClCompile>
    <ClCompile Include="Type3.cpp">
      <Filter>소스 파일\01.Object\Bullet\BulletBridge\Type3</Filter>
    </ClCompile>
    <ClCompile Include="PrototypeManager.cpp">
      <Filter>소스 파일\99.Manager\Patten\Prototype</Filter>
    </ClCompile>
    <ClCompile Include="BPattenManager.cpp">
      <Filter>소스 파일\99.Manager\Patten\BPattenManager</Filter>
    </ClCompile>
    <ClCompile Include="ObjectpoolManager.cpp">
      <Filter>소스 파일\99.Manager\Patten\Objectpool</Filter>
    </ClCompile>
    <ClCompile Include="UserInterface.cpp">
      <Filter>소스 파일\03.UserInterface</Filter>
    </ClCompile>
    <ClCompile Include="ScrollBox.cpp">
      <Filter>소스 파일\03.UserInterface\ScrollBox</Filter>
    </ClCompile>
  </ItemGroup>
  <ItemGroup>
    <ClInclude Include="MainUpdate.h">
      <Filter>소스 파일\00.MainUpdate</Filter>
    </ClInclude>
    <ClInclude Include="Headers.h">
      <Filter>헤더 파일</Filter>
    </ClInclude>
    <ClInclude Include="Object.h">
      <Filter>소스 파일\01.Object</Filter>
    </ClInclude>
    <ClInclude Include="Enemy.h">
      <Filter>소스 파일\01.Object\Enemy</Filter>
    </ClInclude>
    <ClInclude Include="Player.h">
      <Filter>소스 파일\01.Object\Player</Filter>
    </ClInclude>
    <ClInclude Include="Scene.h">
      <Filter>소스 파일\02.Scene</Filter>
    </ClInclude>
    <ClInclude Include="Logo.h">
      <Filter>소스 파일\02.Scene\Logo</Filter>
    </ClInclude>
    <ClInclude Include="Menu.h">
      <Filter>소스 파일\02.Scene\Menu</Filter>
    </ClInclude>
    <ClInclude Include="Stage.h">
      <Filter>소스 파일\02.Scene\Stage</Filter>
    </ClInclude>
    <ClInclude Include="Enum.h">
      <Filter>헤더 파일</Filter>
    </ClInclude>
    <ClInclude Include="InputManager.h">
      <Filter>소스 파일\99.Manager\04.InputManager</Filter>
    </ClInclude>
    <ClInclude Include="Constant.h">
      <Filter>헤더 파일</Filter>
    </ClInclude>
    <ClInclude Include="Struct.h">
      <Filter>헤더 파일</Filter>
    </ClInclude>
    <ClInclude Include="SceneManager.h">
      <Filter>소스 파일\99.Manager\SceneManager</Filter>
    </ClInclude>
    <ClInclude Include="ObjectManager.h">
      <Filter>소스 파일\99.Manager\ObjectManger</Filter>
    </ClInclude>
    <ClInclude Include="Bullet.h">
      <Filter>소스 파일\01.Object\Bullet</Filter>
    </ClInclude>
    <ClInclude Include="CursorManager.h">
      <Filter>소스 파일\99.Manager\CursorManager</Filter>
    </ClInclude>
    <ClInclude Include="CollisionManager.h">
      <Filter>소스 파일\99.Manager\CollisionManager</Filter>
    </ClInclude>
    <ClInclude Include="MathManager.h">
      <Filter>소스 파일\99.Manager\MathManager</Filter>
    </ClInclude>
    <ClInclude Include="ObjectFactory.h">
      <Filter>소스 파일\99.Manager\ObjectFactory</Filter>
    </ClInclude>
    <ClInclude Include="Item.h">
      <Filter>소스 파일\01.Object\Item</Filter>
    </ClInclude>
    <ClInclude Include="Shop.h">
      <Filter>소스 파일\02.Scene\Shop</Filter>
    </ClInclude>
    <ClInclude Include="Pause.h">
      <Filter>소스 파일\02.Scene\Pausce</Filter>
    </ClInclude>
    <ClInclude Include="ShopManager.h">
      <Filter>소스 파일\99.Manager\ShopManager</Filter>
    </ClInclude>
    <ClInclude Include="Type1.h">
      <Filter>소스 파일\01.Object\Bullet\BulletBridge\Type1</Filter>
    </ClInclude>
    <ClInclude Include="Shield.h">
      <Filter>소스 파일\01.Object\Bullet\BulletBridge\Shield</Filter>
    </ClInclude>
    <ClInclude Include="GameOver.h">
      <Filter>소스 파일\02.Scene\GameOver</Filter>
    </ClInclude>
    <ClInclude Include="Open.h">
      <Filter>소스 파일\02.Scene\Open</Filter>
    </ClInclude>
    <ClInclude Include="UIManager.h">
      <Filter>소스 파일\99.Manager\UIManager</Filter>
    </ClInclude>
    <ClInclude Include="StagetClear.h">
      <Filter>소스 파일\02.Scene\StagetClear</Filter>
    </ClInclude>
    <ClInclude Include="LVManager.h">
      <Filter>소스 파일\99.Manager\LVManager</Filter>
    </ClInclude>
    <ClInclude Include="StartManager.h">
      <Filter>소스 파일\99.Manager\StartManager</Filter>
    </ClInclude>
    <ClInclude Include="EType1.h">
      <Filter>소스 파일\01.Object\Enemy\EnemyBridge\EType1</Filter>
    </ClInclude>
    <ClInclude Include="EnemyBridge.h">
      <Filter>소스 파일\01.Object\Enemy\EnemyBridge</Filter>
    </ClInclude>
    <ClInclude Include="Goolops.h">
      <Filter>소스 파일\01.Object\Enemy\EnemyBridge\Goolops</Filter>
    </ClInclude>
    <ClInclude Include="Mutant.h">
      <Filter>소스 파일\01.Object\Enemy\EnemyBridge\Mutant</Filter>
    </ClInclude>
    <ClInclude Include="Doomboo.h">
      <Filter>소스 파일\01.Object\Enemy\EnemyBridge\Doomboo</Filter>
    </ClInclude>
    <ClInclude Include="Type2.h">
      <Filter>소스 파일\01.Object\Bullet\BulletBridge\Type2</Filter>
    </ClInclude>
    <ClInclude Include="Type3.h">
      <Filter>소스 파일\01.Object\Bullet\BulletBridge\Type3</Filter>
    </ClInclude>
    <ClInclude Include="PrototypeManager.h">
      <Filter>소스 파일\99.Manager\Patten\Prototype</Filter>
    </ClInclude>
    <ClInclude Include="Bridge.h">
      <Filter>소스 파일\99.Manager\Bridge</Filter>
    </ClInclude>
    <ClInclude Include="BPattenManager.h">
      <Filter>소스 파일\99.Manager\Patten\BPattenManager</Filter>
    </ClInclude>
    <ClInclude Include="ObjectpoolManager.h">
      <Filter>소스 파일\99.Manager\Patten\Objectpool</Filter>
    </ClInclude>
    <ClInclude Include="UserInterface.h">
      <Filter>소스 파일\03.UserInterface</Filter>
    </ClInclude>
    <ClInclude Include="ScrollBox.h">
      <Filter>소스 파일\03.UserInterface\ScrollBox</Filter>
    </ClInclude>
  </ItemGroup>
</Project>